
Microsoft Visual Studio Solution File, Format Version 12.00
# Visual Studio Version 17
VisualStudioVersion = 17.0.31912.275
MinimumVisualStudioVersion = 10.0.40219.1
Project("{888888A0-9F3D-457C-B088-3A5042F75D52}") = "Solpletter", "Solpletter.pyproj", "{AAA329CC-2E79-4435-96A9-C254DA1D1B16}"
EndProject
Global
	GlobalSection(SolutionConfigurationPlatforms) = preSolution
		Debug|Any CPU = Debug|Any CPU
		Release|Any CPU = Release|Any CPU
	EndGlobalSection
	GlobalSection(ProjectConfigurationPlatforms) = postSolution
		{AAA329CC-2E79-4435-96A9-C254DA1D1B16}.Debug|Any CPU.ActiveCfg = Debug|Any CPU
		{AAA329CC-2E79-4435-96A9-C254DA1D1B16}.Release|Any CPU.ActiveCfg = Release|Any CPU
	EndGlobalSection
	GlobalSection(SolutionProperties) = preSolution
		HideSolutionNode = FALSE
	EndGlobalSection
	GlobalSection(ExtensibilityGlobals) = postSolution
		SolutionGuid = {E000FA47-E44F-4117-A027-39AC710A238D}
	EndGlobalSection
EndGlobal
